
Microsoft Visual Studio Solution File, Format Version 12.00
# Visual Studio Version 17
VisualStudioVersion = 17.14.36221.1 d17.14
MinimumVisualStudioVersion = 10.0.40219.1
Project("{FAE04EC0-301F-11D3-BF4B-00C04F79EFBC}") = "NetworkScannerV4", "NetworkScannerV4.csproj", "{8F0C12D8-B265-4B19-8F83-8453E65CB9AF}"
EndProject
Global
	GlobalSection(SolutionConfigurationPlatforms) = preSolution
		Debug|Any CPU = Debug|Any CPU
		Release|Any CPU = Release|Any CPU
	EndGlobalSection
	GlobalSection(ProjectConfigurationPlatforms) = postSolution
		{8F0C12D8-B265-4B19-8F83-8453E65CB9AF}.Debug|Any CPU.ActiveCfg = Debug|Any CPU
		{8F0C12D8-B265-4B19-8F83-8453E65CB9AF}.Debug|Any CPU.Build.0 = Debug|Any CPU
		{8F0C12D8-B265-4B19-8F83-8453E65CB9AF}.Release|Any CPU.ActiveCfg = Release|Any CPU
		{8F0C12D8-B265-4B19-8F83-8453E65CB9AF}.Release|Any CPU.Build.0 = Release|Any CPU
	EndGlobalSection
	GlobalSection(SolutionProperties) = preSolution
		HideSolutionNode = FALSE
	EndGlobalSection
	GlobalSection(ExtensibilityGlobals) = postSolution
		SolutionGuid = {29DA8BA0-13EF-4179-BB7D-6493CFDC4C38}
	EndGlobalSection
EndGlobal
